
Microsoft Visual Studio Solution File, Format Version 12.00
# Visual Studio Version 17
VisualStudioVersion = 17.4.33205.214
MinimumVisualStudioVersion = 10.0.40219.1
Project("{9A19103F-16F7-4668-BE54-9A1E7A4F7556}") = "FFG.IIoT.Application", "FFG.IIoT.Application\FFG.IIoT.Application.csproj", "{39273DAD-BF2A-408F-9194-7999C4C725A9}"
EndProject
Project("{9A19103F-16F7-4668-BE54-9A1E7A4F7556}") = "FFG.IIoT.Application.Contract", "FFG.IIoT.Application.Contract\FFG.IIoT.Application.Contract.csproj", "{A0125181-5ABA-4D53-BF46-F4D3F1B43AF3}"
EndProject
Project("{9A19103F-16F7-4668-BE54-9A1E7A4F7556}") = "FFG.IIoT.Domain", "FFG.IIoT.Domain\FFG.IIoT.Domain.csproj", "{C40291F2-830B-40BE-BFF6-4721506A6CE4}"
EndProject
Project("{9A19103F-16F7-4668-BE54-9A1E7A4F7556}") = "FFG.IIoT.Domain.Shared", "FFG.IIoT.Domain.Shared\FFG.IIoT.Domain.Shared.csproj", "{8358456D-4C6A-4606-9805-E4C605551F98}"
EndProject
Project("{9A19103F-16F7-4668-BE54-9A1E7A4F7556}") = "FFG.IIoT.Infrastructure", "FFG.IIoT.Infrastructure\FFG.IIoT.Infrastructure.csproj", "{523B0C41-ACEC-4B63-BBCC-7F7A0DC67C97}"
EndProject
Project("{9A19103F-16F7-4668-BE54-9A1E7A4F7556}") = "FFG.IIoT.Launcher", "FFG.IIoT.Launcher\FFG.IIoT.Launcher.csproj", "{D1DB223B-885E-461C-B848-E721AB99656C}"
EndProject
Global
	GlobalSection(SolutionConfigurationPlatforms) = preSolution
		Debug|Any CPU = Debug|Any CPU
		Release|Any CPU = Release|Any CPU
	EndGlobalSection
	GlobalSection(ProjectConfigurationPlatforms) = postSolution
		{39273DAD-BF2A-408F-9194-7999C4C725A9}.Debug|Any CPU.ActiveCfg = Debug|Any CPU
		{39273DAD-BF2A-408F-9194-7999C4C725A9}.Debug|Any CPU.Build.0 = Debug|Any CPU
		{39273DAD-BF2A-408F-9194-7999C4C725A9}.Release|Any CPU.ActiveCfg = Release|Any CPU
		{39273DAD-BF2A-408F-9194-7999C4C725A9}.Release|Any CPU.Build.0 = Release|Any CPU
		{A0125181-5ABA-4D53-BF46-F4D3F1B43AF3}.Debug|Any CPU.ActiveCfg = Debug|Any CPU
		{A0125181-5ABA-4D53-BF46-F4D3F1B43AF3}.Debug|Any CPU.Build.0 = Debug|Any CPU
		{A0125181-5ABA-4D53-BF46-F4D3F1B43AF3}.Release|Any CPU.ActiveCfg = Release|Any CPU
		{A0125181-5ABA-4D53-BF46-F4D3F1B43AF3}.Release|Any CPU.Build.0 = Release|Any CPU
		{C40291F2-830B-40BE-BFF6-4721506A6CE4}.Debug|Any CPU.ActiveCfg = Debug|Any CPU
		{C40291F2-830B-40BE-BFF6-4721506A6CE4}.Debug|Any CPU.Build.0 = Debug|Any CPU
		{C40291F2-830B-40BE-BFF6-4721506A6CE4}.Release|Any CPU.ActiveCfg = Release|Any CPU
		{C40291F2-830B-40BE-BFF6-4721506A6CE4}.Release|Any CPU.Build.0 = Release|Any CPU
		{8358456D-4C6A-4606-9805-E4C605551F98}.Debug|Any CPU.ActiveCfg = Debug|Any CPU
		{8358456D-4C6A-4606-9805-E4C605551F98}.Debug|Any CPU.Build.0 = Debug|Any CPU
		{8358456D-4C6A-4606-9805-E4C605551F98}.Release|Any CPU.ActiveCfg = Release|Any CPU
		{8358456D-4C6A-4606-9805-E4C605551F98}.Release|Any CPU.Build.0 = Release|Any CPU
		{523B0C41-ACEC-4B63-BBCC-7F7A0DC67C97}.Debug|Any CPU.ActiveCfg = Debug|Any CPU
		{523B0C41-ACEC-4B63-BBCC-7F7A0DC67C97}.Debug|Any CPU.Build.0 = Debug|Any CPU
		{523B0C41-ACEC-4B63-BBCC-7F7A0DC67C97}.Release|Any CPU.ActiveCfg = Release|Any CPU
		{523B0C41-ACEC-4B63-BBCC-7F7A0DC67C97}.Release|Any CPU.Build.0 = Release|Any CPU
		{D1DB223B-885E-461C-B848-E721AB99656C}.Debug|Any CPU.ActiveCfg = Debug|Any CPU
		{D1DB223B-885E-461C-B848-E721AB99656C}.Debug|Any CPU.Build.0 = Debug|Any CPU
		{D1DB223B-885E-461C-B848-E721AB99656C}.Release|Any CPU.ActiveCfg = Release|Any CPU
		{D1DB223B-885E-461C-B848-E721AB99656C}.Release|Any CPU.Build.0 = Release|Any CPU
	EndGlobalSection
	GlobalSection(SolutionProperties) = preSolution
		HideSolutionNode = FALSE
	EndGlobalSection
	GlobalSection(ExtensibilityGlobals) = postSolution
		SolutionGuid = {952820CC-D42F-4EC7-8CA0-46D6C20207BD}
	EndGlobalSection
EndGlobal
